// !$*UTF8*$!
{
	archiveVersion = 1;
	classes = {
	};
	objectVersion = 50;
	objects = {

/* Begin PBXBuildFile section */
		0D00E8CE2763E10100B71BDB /* TouchdownApp.swift in Sources */ = {isa = PBXBuildFile; fileRef = 0D00E8CD2763E10100B71BDB /* TouchdownApp.swift */; };
		0D00E8D02763E10100B71BDB /* ContentView.swift in Sources */ = {isa = PBXBuildFile; fileRef = 0D00E8CF2763E10100B71BDB /* ContentView.swift */; };
		0D00E8D22763E10500B71BDB /* Assets.xcassets in Resources */ = {isa = PBXBuildFile; fileRef = 0D00E8D12763E10500B71BDB /* Assets.xcassets */; };
		0D00E8D52763E10500B71BDB /* Preview Assets.xcassets in Resources */ = {isa = PBXBuildFile; fileRef = 0D00E8D42763E10500B71BDB /* Preview Assets.xcassets */; };
		0D00E8E02763E1AD00B71BDB /* category.json in Resources */ = {isa = PBXBuildFile; fileRef = 0D00E8DC2763E1AD00B71BDB /* category.json */; };
		0D00E8E12763E1AD00B71BDB /* player.json in Resources */ = {isa = PBXBuildFile; fileRef = 0D00E8DD2763E1AD00B71BDB /* player.json */; };
		0D00E8E22763E1AD00B71BDB /* product.json in Resources */ = {isa = PBXBuildFile; fileRef = 0D00E8DE2763E1AD00B71BDB /* product.json */; };
		0D00E8E32763E1AD00B71BDB /* brand.json in Resources */ = {isa = PBXBuildFile; fileRef = 0D00E8DF2763E1AD00B71BDB /* brand.json */; };
		0D1DB068276BEE3D0028EB3C /* CategoryItemView.swift in Sources */ = {isa = PBXBuildFile; fileRef = 0D1DB067276BEE3D0028EB3C /* CategoryItemView.swift */; };
		0D1DB06A276BEE6C0028EB3C /* CategoryModel.swift in Sources */ = {isa = PBXBuildFile; fileRef = 0D1DB069276BEE6C0028EB3C /* CategoryModel.swift */; };
		0D1DB06C276BF0780028EB3C /* CategoryGridView.swift in Sources */ = {isa = PBXBuildFile; fileRef = 0D1DB06B276BF0780028EB3C /* CategoryGridView.swift */; };
		0D1DB06E276BF8160028EB3C /* SectionView.swift in Sources */ = {isa = PBXBuildFile; fileRef = 0D1DB06D276BF8160028EB3C /* SectionView.swift */; };
		0D2171592764039E008872B8 /* Constant.swift in Sources */ = {isa = PBXBuildFile; fileRef = 0D2171582764039E008872B8 /* Constant.swift */; };
		0D21715B2764045E008872B8 /* FooterView.swift in Sources */ = {isa = PBXBuildFile; fileRef = 0D21715A2764045E008872B8 /* FooterView.swift */; };
		0D21715D276406CD008872B8 /* NavigationBarView.swift in Sources */ = {isa = PBXBuildFile; fileRef = 0D21715C276406CD008872B8 /* NavigationBarView.swift */; };
		0D21715F27640816008872B8 /* LogoView.swift in Sources */ = {isa = PBXBuildFile; fileRef = 0D21715E27640815008872B8 /* LogoView.swift */; };
		0DDE1A0A276CF95500FBD6EC /* TitleView.swift in Sources */ = {isa = PBXBuildFile; fileRef = 0DDE1A09276CF95500FBD6EC /* TitleView.swift */; };
		0DDE1A0C276CFA7E00FBD6EC /* ProductModel.swift in Sources */ = {isa = PBXBuildFile; fileRef = 0DDE1A0B276CFA7E00FBD6EC /* ProductModel.swift */; };
		0DDE1A0E276CFAFA00FBD6EC /* ProductItemView.swift in Sources */ = {isa = PBXBuildFile; fileRef = 0DDE1A0D276CFAFA00FBD6EC /* ProductItemView.swift */; };
		0DED2D902767F0DD003F753C /* PlayerModel.swift in Sources */ = {isa = PBXBuildFile; fileRef = 0DED2D8F2767F0DD003F753C /* PlayerModel.swift */; };
		0DED2D922767F15C003F753C /* CodableBundleExtension.swift in Sources */ = {isa = PBXBuildFile; fileRef = 0DED2D912767F15C003F753C /* CodableBundleExtension.swift */; };
		0DED2D942767F2BE003F753C /* FeaturedItemView.swift in Sources */ = {isa = PBXBuildFile; fileRef = 0DED2D932767F2BE003F753C /* FeaturedItemView.swift */; };
		0DED2D962767F7C9003F753C /* FeaturedTabView.swift in Sources */ = {isa = PBXBuildFile; fileRef = 0DED2D952767F7C9003F753C /* FeaturedTabView.swift */; };
/* End PBXBuildFile section */

/* Begin PBXFileReference section */
		0D00E8CA2763E10100B71BDB /* Touchdown.app */ = {isa = PBXFileReference; explicitFileType = wrapper.application; includeInIndex = 0; path = Touchdown.app; sourceTree = BUILT_PRODUCTS_DIR; };
		0D00E8CD2763E10100B71BDB /* TouchdownApp.swift */ = {isa = PBXFileReference; lastKnownFileType = sourcecode.swift; path = TouchdownApp.swift; sourceTree = "<group>"; };
		0D00E8CF2763E10100B71BDB /* ContentView.swift */ = {isa = PBXFileReference; lastKnownFileType = sourcecode.swift; path = ContentView.swift; sourceTree = "<group>"; };
		0D00E8D12763E10500B71BDB /* Assets.xcassets */ = {isa = PBXFileReference; lastKnownFileType = folder.assetcatalog; path = Assets.xcassets; sourceTree = "<group>"; };
		0D00E8D42763E10500B71BDB /* Preview Assets.xcassets */ = {isa = PBXFileReference; lastKnownFileType = folder.assetcatalog; path = "Preview Assets.xcassets"; sourceTree = "<group>"; };
		0D00E8D62763E10500B71BDB /* Info.plist */ = {isa = PBXFileReference; lastKnownFileType = text.plist.xml; path = Info.plist; sourceTree = "<group>"; };
		0D00E8DC2763E1AD00B71BDB /* category.json */ = {isa = PBXFileReference; fileEncoding = 4; lastKnownFileType = text.json; path = category.json; sourceTree = "<group>"; };
		0D00E8DD2763E1AD00B71BDB /* player.json */ = {isa = PBXFileReference; fileEncoding = 4; lastKnownFileType = text.json; path = player.json; sourceTree = "<group>"; };
		0D00E8DE2763E1AD00B71BDB /* product.json */ = {isa = PBXFileReference; fileEncoding = 4; lastKnownFileType = text.json; path = product.json; sourceTree = "<group>"; };
		0D00E8DF2763E1AD00B71BDB /* brand.json */ = {isa = PBXFileReference; fileEncoding = 4; lastKnownFileType = text.json; path = brand.json; sourceTree = "<group>"; };
		0D1DB067276BEE3D0028EB3C /* CategoryItemView.swift */ = {isa = PBXFileReference; lastKnownFileType = sourcecode.swift; path = CategoryItemView.swift; sourceTree = "<group>"; };
		0D1DB069276BEE6C0028EB3C /* CategoryModel.swift */ = {isa = PBXFileReference; lastKnownFileType = sourcecode.swift; path = CategoryModel.swift; sourceTree = "<group>"; };
		0D1DB06B276BF0780028EB3C /* CategoryGridView.swift */ = {isa = PBXFileReference; lastKnownFileType = sourcecode.swift; path = CategoryGridView.swift; sourceTree = "<group>"; };
		0D1DB06D276BF8160028EB3C /* SectionView.swift */ = {isa = PBXFileReference; lastKnownFileType = sourcecode.swift; path = SectionView.swift; sourceTree = "<group>"; };
		0D2171582764039E008872B8 /* Constant.swift */ = {isa = PBXFileReference; lastKnownFileType = sourcecode.swift; path = Constant.swift; sourceTree = "<group>"; };
		0D21715A2764045E008872B8 /* FooterView.swift */ = {isa = PBXFileReference; lastKnownFileType = sourcecode.swift; path = FooterView.swift; sourceTree = "<group>"; };
		0D21715C276406CD008872B8 /* NavigationBarView.swift */ = {isa = PBXFileReference; lastKnownFileType = sourcecode.swift; path = NavigationBarView.swift; sourceTree = "<group>"; };
		0D21715E27640815008872B8 /* LogoView.swift */ = {isa = PBXFileReference; lastKnownFileType = sourcecode.swift; path = LogoView.swift; sourceTree = "<group>"; };
		0DDE1A09276CF95500FBD6EC /* TitleView.swift */ = {isa = PBXFileReference; lastKnownFileType = sourcecode.swift; path = TitleView.swift; sourceTree = "<group>"; };
		0DDE1A0B276CFA7E00FBD6EC /* ProductModel.swift */ = {isa = PBXFileReference; lastKnownFileType = sourcecode.swift; path = ProductModel.swift; sourceTree = "<group>"; };
		0DDE1A0D276CFAFA00FBD6EC /* ProductItemView.swift */ = {isa = PBXFileReference; lastKnownFileType = sourcecode.swift; path = ProductItemView.swift; sourceTree = "<group>"; };
		0DED2D8F2767F0DD003F753C /* PlayerModel.swift */ = {isa = PBXFileReference; lastKnownFileType = sourcecode.swift; path = PlayerModel.swift; sourceTree = "<group>"; };
		0DED2D912767F15C003F753C /* CodableBundleExtension.swift */ = {isa = PBXFileReference; lastKnownFileType = sourcecode.swift; path = CodableBundleExtension.swift; sourceTree = "<group>"; };
		0DED2D932767F2BE003F753C /* FeaturedItemView.swift */ = {isa = PBXFileReference; lastKnownFileType = sourcecode.swift; path = FeaturedItemView.swift; sourceTree = "<group>"; };
		0DED2D952767F7C9003F753C /* FeaturedTabView.swift */ = {isa = PBXFileReference; lastKnownFileType = sourcecode.swift; path = FeaturedTabView.swift; sourceTree = "<group>"; };
/* End PBXFileReference section */

/* Begin PBXFrameworksBuildPhase section */
		0D00E8C72763E10100B71BDB /* Frameworks */ = {
			isa = PBXFrameworksBuildPhase;
			buildActionMask = 2147483647;
			files = (
			);
			runOnlyForDeploymentPostprocessing = 0;
		};
/* End PBXFrameworksBuildPhase section */

/* Begin PBXGroup section */
		0D00E8C12763E10100B71BDB = {
			isa = PBXGroup;
			children = (
				0D00E8CC2763E10100B71BDB /* Touchdown */,
				0D00E8CB2763E10100B71BDB /* Products */,
			);
			sourceTree = "<group>";
		};
		0D00E8CB2763E10100B71BDB /* Products */ = {
			isa = PBXGroup;
			children = (
				0D00E8CA2763E10100B71BDB /* Touchdown.app */,
			);
			name = Products;
			sourceTree = "<group>";
		};
		0D00E8CC2763E10100B71BDB /* Touchdown */ = {
			isa = PBXGroup;
			children = (
				0D2171522764030C008872B8 /* View */,
				0D00E8E42763E1C800B71BDB /* Data */,
				0D21715727640345008872B8 /* Model */,
				0D2171562764033A008872B8 /* Extension */,
				0D2171552764032E008872B8 /* Utility */,
				0D217151276402FB008872B8 /* App */,
				0D00E8D12763E10500B71BDB /* Assets.xcassets */,
				0D00E8D62763E10500B71BDB /* Info.plist */,
				0D00E8D32763E10500B71BDB /* Preview Content */,
			);
			path = Touchdown;
			sourceTree = "<group>";
		};
		0D00E8D32763E10500B71BDB /* Preview Content */ = {
			isa = PBXGroup;
			children = (
				0D00E8D42763E10500B71BDB /* Preview Assets.xcassets */,
			);
			path = "Preview Content";
			sourceTree = "<group>";
		};
		0D00E8E42763E1C800B71BDB /* Data */ = {
			isa = PBXGroup;
			children = (
				0D00E8DF2763E1AD00B71BDB /* brand.json */,
				0D00E8DC2763E1AD00B71BDB /* category.json */,
				0D00E8DD2763E1AD00B71BDB /* player.json */,
				0D00E8DE2763E1AD00B71BDB /* product.json */,
			);
			path = Data;
			sourceTree = "<group>";
		};
		0D217151276402FB008872B8 /* App */ = {
			isa = PBXGroup;
			children = (
				0D00E8CD2763E10100B71BDB /* TouchdownApp.swift */,
				0D00E8CF2763E10100B71BDB /* ContentView.swift */,
			);
			path = App;
			sourceTree = "<group>";
		};
		0D2171522764030C008872B8 /* View */ = {
			isa = PBXGroup;
			children = (
				0D2171542764031F008872B8 /* Home */,
				0D21715327640316008872B8 /* Detail */,
			);
			path = View;
			sourceTree = "<group>";
		};
		0D21715327640316008872B8 /* Detail */ = {
			isa = PBXGroup;
			children = (
			);
			path = Detail;
			sourceTree = "<group>";
		};
		0D2171542764031F008872B8 /* Home */ = {
			isa = PBXGroup;
			children = (
				0D21715C276406CD008872B8 /* NavigationBarView.swift */,
				0D21715A2764045E008872B8 /* FooterView.swift */,
				0D21715E27640815008872B8 /* LogoView.swift */,
				0DED2D932767F2BE003F753C /* FeaturedItemView.swift */,
				0DED2D952767F7C9003F753C /* FeaturedTabView.swift */,
				0D1DB067276BEE3D0028EB3C /* CategoryItemView.swift */,
				0D1DB06B276BF0780028EB3C /* CategoryGridView.swift */,
				0D1DB06D276BF8160028EB3C /* SectionView.swift */,
				0DDE1A09276CF95500FBD6EC /* TitleView.swift */,
				0DDE1A0D276CFAFA00FBD6EC /* ProductItemView.swift */,
			);
			path = Home;
			sourceTree = "<group>";
		};
		0D2171552764032E008872B8 /* Utility */ = {
			isa = PBXGroup;
			children = (
				0D2171582764039E008872B8 /* Constant.swift */,
			);
			path = Utility;
			sourceTree = "<group>";
		};
		0D2171562764033A008872B8 /* Extension */ = {
			isa = PBXGroup;
			children = (
				0DED2D912767F15C003F753C /* CodableBundleExtension.swift */,
			);
			path = Extension;
			sourceTree = "<group>";
		};
		0D21715727640345008872B8 /* Model */ = {
			isa = PBXGroup;
			children = (
				0DED2D8F2767F0DD003F753C /* PlayerModel.swift */,
				0D1DB069276BEE6C0028EB3C /* CategoryModel.swift */,
				0DDE1A0B276CFA7E00FBD6EC /* ProductModel.swift */,
			);
			path = Model;
			sourceTree = "<group>";
		};
/* End PBXGroup section */

/* Begin PBXNativeTarget section */
		0D00E8C92763E10100B71BDB /* Touchdown */ = {
			isa = PBXNativeTarget;
			buildConfigurationList = 0D00E8D92763E10500B71BDB /* Build configuration list for PBXNativeTarget "Touchdown" */;
			buildPhases = (
				0D00E8C62763E10100B71BDB /* Sources */,
				0D00E8C72763E10100B71BDB /* Frameworks */,
				0D00E8C82763E10100B71BDB /* Resources */,
			);
			buildRules = (
			);
			dependencies = (
			);
			name = Touchdown;
			productName = Touchdown;
			productReference = 0D00E8CA2763E10100B71BDB /* Touchdown.app */;
			productType = "com.apple.product-type.application";
		};
/* End PBXNativeTarget section */

/* Begin PBXProject section */
		0D00E8C22763E10100B71BDB /* Project object */ = {
			isa = PBXProject;
			attributes = {
				LastSwiftUpdateCheck = 1250;
				LastUpgradeCheck = 1250;
				TargetAttributes = {
					0D00E8C92763E10100B71BDB = {
						CreatedOnToolsVersion = 12.5.1;
					};
				};
			};
			buildConfigurationList = 0D00E8C52763E10100B71BDB /* Build configuration list for PBXProject "Touchdown" */;
			compatibilityVersion = "Xcode 9.3";
			developmentRegion = en;
			hasScannedForEncodings = 0;
			knownRegions = (
				en,
				Base,
			);
			mainGroup = 0D00E8C12763E10100B71BDB;
			productRefGroup = 0D00E8CB2763E10100B71BDB /* Products */;
			projectDirPath = "";
			projectRoot = "";
			targets = (
				0D00E8C92763E10100B71BDB /* Touchdown */,
			);
		};
/* End PBXProject section */

/* Begin PBXResourcesBuildPhase section */
		0D00E8C82763E10100B71BDB /* Resources */ = {
			isa = PBXResourcesBuildPhase;
			buildActionMask = 2147483647;
			files = (
				0D00E8E12763E1AD00B71BDB /* player.json in Resources */,
				0D00E8E02763E1AD00B71BDB /* category.json in Resources */,
				0D00E8D52763E10500B71BDB /* Preview Assets.xcassets in Resources */,
				0D00E8D22763E10500B71BDB /* Assets.xcassets in Resources */,
				0D00E8E22763E1AD00B71BDB /* product.json in Resources */,
				0D00E8E32763E1AD00B71BDB /* brand.json in Resources */,
			);
			runOnlyForDeploymentPostprocessing = 0;
		};
/* End PBXResourcesBuildPhase section */

/* Begin PBXSourcesBuildPhase section */
		0D00E8C62763E10100B71BDB /* Sources */ = {
			isa = PBXSourcesBuildPhase;
			buildActionMask = 2147483647;
			files = (
				0DED2D922767F15C003F753C /* CodableBundleExtension.swift in Sources */,
				0D1DB06A276BEE6C0028EB3C /* CategoryModel.swift in Sources */,
				0D00E8D02763E10100B71BDB /* ContentView.swift in Sources */,
				0D21715F27640816008872B8 /* LogoView.swift in Sources */,
				0D21715B2764045E008872B8 /* FooterView.swift in Sources */,
				0DDE1A0E276CFAFA00FBD6EC /* ProductItemView.swift in Sources */,
				0DED2D942767F2BE003F753C /* FeaturedItemView.swift in Sources */,
				0D00E8CE2763E10100B71BDB /* TouchdownApp.swift in Sources */,
				0D1DB06C276BF0780028EB3C /* CategoryGridView.swift in Sources */,
				0D2171592764039E008872B8 /* Constant.swift in Sources */,
				0D21715D276406CD008872B8 /* NavigationBarView.swift in Sources */,
				0D1DB06E276BF8160028EB3C /* SectionView.swift in Sources */,
				0DED2D962767F7C9003F753C /* FeaturedTabView.swift in Sources */,
				0D1DB068276BEE3D0028EB3C /* CategoryItemView.swift in Sources */,
				0DED2D902767F0DD003F753C /* PlayerModel.swift in Sources */,
				0DDE1A0A276CF95500FBD6EC /* TitleView.swift in Sources */,
				0DDE1A0C276CFA7E00FBD6EC /* ProductModel.swift in Sources */,
			);
			runOnlyForDeploymentPostprocessing = 0;
		};
/* End PBXSourcesBuildPhase section */

/* Begin XCBuildConfiguration section */
		0D00E8D72763E10500B71BDB /* Debug */ = {
			isa = XCBuildConfiguration;
			buildSettings = {
				ALWAYS_SEARCH_USER_PATHS = NO;
				CLANG_ANALYZER_NONNULL = YES;
				CLANG_ANALYZER_NUMBER_OBJECT_CONVERSION = YES_AGGRESSIVE;
				CLANG_CXX_LANGUAGE_STANDARD = "gnu++14";
				CLANG_CXX_LIBRARY = "libc++";
				CLANG_ENABLE_MODULES = YES;
				CLANG_ENABLE_OBJC_ARC = YES;
				CLANG_ENABLE_OBJC_WEAK = YES;
				CLANG_WARN_BLOCK_CAPTURE_AUTORELEASING = YES;
				CLANG_WARN_BOOL_CONVERSION = YES;
				CLANG_WARN_COMMA = YES;
				CLANG_WARN_CONSTANT_CONVERSION = YES;
				CLANG_WARN_DEPRECATED_OBJC_IMPLEMENTATIONS = YES;
				CLANG_WARN_DIRECT_OBJC_ISA_USAGE = YES_ERROR;
				CLANG_WARN_DOCUMENTATION_COMMENTS = YES;
				CLANG_WARN_EMPTY_BODY = YES;
				CLANG_WARN_ENUM_CONVERSION = YES;
				CLANG_WARN_INFINITE_RECURSION = YES;
				CLANG_WARN_INT_CONVERSION = YES;
				CLANG_WARN_NON_LITERAL_NULL_CONVERSION = YES;
				CLANG_WARN_OBJC_IMPLICIT_RETAIN_SELF = YES;
				CLANG_WARN_OBJC_LITERAL_CONVERSION = YES;
				CLANG_WARN_OBJC_ROOT_CLASS = YES_ERROR;
				CLANG_WARN_QUOTED_INCLUDE_IN_FRAMEWORK_HEADER = YES;
				CLANG_WARN_RANGE_LOOP_ANALYSIS = YES;
				CLANG_WARN_STRICT_PROTOTYPES = YES;
				CLANG_WARN_SUSPICIOUS_MOVE = YES;
				CLANG_WARN_UNGUARDED_AVAILABILITY = YES_AGGRESSIVE;
				CLANG_WARN_UNREACHABLE_CODE = YES;
				CLANG_WARN__DUPLICATE_METHOD_MATCH = YES;
				COPY_PHASE_STRIP = NO;
				DEBUG_INFORMATION_FORMAT = dwarf;
				ENABLE_STRICT_OBJC_MSGSEND = YES;
				ENABLE_TESTABILITY = YES;
				GCC_C_LANGUAGE_STANDARD = gnu11;
				GCC_DYNAMIC_NO_PIC = NO;
				GCC_NO_COMMON_BLOCKS = YES;
				GCC_OPTIMIZATION_LEVEL = 0;
				GCC_PREPROCESSOR_DEFINITIONS = (
					"DEBUG=1",
					"$(inherited)",
				);
				GCC_WARN_64_TO_32_BIT_CONVERSION = YES;
				GCC_WARN_ABOUT_RETURN_TYPE = YES_ERROR;
				GCC_WARN_UNDECLARED_SELECTOR = YES;
				GCC_WARN_UNINITIALIZED_AUTOS = YES_AGGRESSIVE;
				GCC_WARN_UNUSED_FUNCTION = YES;
				GCC_WARN_UNUSED_VARIABLE = YES;
				IPHONEOS_DEPLOYMENT_TARGET = 14.5;
				MTL_ENABLE_DEBUG_INFO = INCLUDE_SOURCE;
				MTL_FAST_MATH = YES;
				ONLY_ACTIVE_ARCH = YES;
				SDKROOT = iphoneos;
				SWIFT_ACTIVE_COMPILATION_CONDITIONS = DEBUG;
				SWIFT_OPTIMIZATION_LEVEL = "-Onone";
			};
			name = Debug;
		};
		0D00E8D82763E10500B71BDB /* Release */ = {
			isa = XCBuildConfiguration;
			buildSettings = {
				ALWAYS_SEARCH_USER_PATHS = NO;
				CLANG_ANALYZER_NONNULL = YES;
				CLANG_ANALYZER_NUMBER_OBJECT_CONVERSION = YES_AGGRESSIVE;
				CLANG_CXX_LANGUAGE_STANDARD = "gnu++14";
				CLANG_CXX_LIBRARY = "libc++";
				CLANG_ENABLE_MODULES = YES;
				CLANG_ENABLE_OBJC_ARC = YES;
				CLANG_ENABLE_OBJC_WEAK = YES;
				CLANG_WARN_BLOCK_CAPTURE_AUTORELEASING = YES;
				CLANG_WARN_BOOL_CONVERSION = YES;
				CLANG_WARN_COMMA = YES;
				CLANG_WARN_CONSTANT_CONVERSION = YES;
				CLANG_WARN_DEPRECATED_OBJC_IMPLEMENTATIONS = YES;
				CLANG_WARN_DIRECT_OBJC_ISA_USAGE = YES_ERROR;
				CLANG_WARN_DOCUMENTATION_COMMENTS = YES;
				CLANG_WARN_EMPTY_BODY = YES;
				CLANG_WARN_ENUM_CONVERSION = YES;
				CLANG_WARN_INFINITE_RECURSION = YES;
				CLANG_WARN_INT_CONVERSION = YES;
				CLANG_WARN_NON_LITERAL_NULL_CONVERSION = YES;
				CLANG_WARN_OBJC_IMPLICIT_RETAIN_SELF = YES;
				CLANG_WARN_OBJC_LITERAL_CONVERSION = YES;
				CLANG_WARN_OBJC_ROOT_CLASS = YES_ERROR;
				CLANG_WARN_QUOTED_INCLUDE_IN_FRAMEWORK_HEADER = YES;
				CLANG_WARN_RANGE_LOOP_ANALYSIS = YES;
				CLANG_WARN_STRICT_PROTOTYPES = YES;
				CLANG_WARN_SUSPICIOUS_MOVE = YES;
				CLANG_WARN_UNGUARDED_AVAILABILITY = YES_AGGRESSIVE;
				CLANG_WARN_UNREACHABLE_CODE = YES;
				CLANG_WARN__DUPLICATE_METHOD_MATCH = YES;
				COPY_PHASE_STRIP = NO;
				DEBUG_INFORMATION_FORMAT = "dwarf-with-dsym";
				ENABLE_NS_ASSERTIONS = NO;
				ENABLE_STRICT_OBJC_MSGSEND = YES;
				GCC_C_LANGUAGE_STANDARD = gnu11;
				GCC_NO_COMMON_BLOCKS = YES;
				GCC_WARN_64_TO_32_BIT_CONVERSION = YES;
				GCC_WARN_ABOUT_RETURN_TYPE = YES_ERROR;
				GCC_WARN_UNDECLARED_SELECTOR = YES;
				GCC_WARN_UNINITIALIZED_AUTOS = YES_AGGRESSIVE;
				GCC_WARN_UNUSED_FUNCTION = YES;
				GCC_WARN_UNUSED_VARIABLE = YES;
				IPHONEOS_DEPLOYMENT_TARGET = 14.5;
				MTL_ENABLE_DEBUG_INFO = NO;
				MTL_FAST_MATH = YES;
				SDKROOT = iphoneos;
				SWIFT_COMPILATION_MODE = wholemodule;
				SWIFT_OPTIMIZATION_LEVEL = "-O";
				VALIDATE_PRODUCT = YES;
			};
			name = Release;
		};
		0D00E8DA2763E10500B71BDB /* Debug */ = {
			isa = XCBuildConfiguration;
			buildSettings = {
				ASSETCATALOG_COMPILER_APPICON_NAME = AppIcon;
				ASSETCATALOG_COMPILER_GLOBAL_ACCENT_COLOR_NAME = AccentColor;
				CODE_SIGN_STYLE = Automatic;
				DEVELOPMENT_ASSET_PATHS = "\"Touchdown/Preview Content\"";
				DEVELOPMENT_TEAM = HAPWP39TPS;
				ENABLE_PREVIEWS = YES;
				INFOPLIST_FILE = Touchdown/Info.plist;
				IPHONEOS_DEPLOYMENT_TARGET = 14.0;
				LD_RUNPATH_SEARCH_PATHS = (
					"$(inherited)",
					"@executable_path/Frameworks",
				);
				PRODUCT_BUNDLE_IDENTIFIER = com.dHam.Touchdown;
				PRODUCT_NAME = "$(TARGET_NAME)";
				SWIFT_VERSION = 5.0;
				TARGETED_DEVICE_FAMILY = "1,2";
			};
			name = Debug;
		};
		0D00E8DB2763E10500B71BDB /* Release */ = {
			isa = XCBuildConfiguration;
			buildSettings = {
				ASSETCATALOG_COMPILER_APPICON_NAME = AppIcon;
				ASSETCATALOG_COMPILER_GLOBAL_ACCENT_COLOR_NAME = AccentColor;
				CODE_SIGN_STYLE = Automatic;
				DEVELOPMENT_ASSET_PATHS = "\"Touchdown/Preview Content\"";
				DEVELOPMENT_TEAM = HAPWP39TPS;
				ENABLE_PREVIEWS = YES;
				INFOPLIST_FILE = Touchdown/Info.plist;
				IPHONEOS_DEPLOYMENT_TARGET = 14.0;
				LD_RUNPATH_SEARCH_PATHS = (
					"$(inherited)",
					"@executable_path/Frameworks",
				);
				PRODUCT_BUNDLE_IDENTIFIER = com.dHam.Touchdown;
				PRODUCT_NAME = "$(TARGET_NAME)";
				SWIFT_VERSION = 5.0;
				TARGETED_DEVICE_FAMILY = "1,2";
			};
			name = Release;
		};
/* End XCBuildConfiguration section */

/* Begin XCConfigurationList section */
		0D00E8C52763E10100B71BDB /* Build configuration list for PBXProject "Touchdown" */ = {
			isa = XCConfigurationList;
			buildConfigurations = (
				0D00E8D72763E10500B71BDB /* Debug */,
				0D00E8D82763E10500B71BDB /* Release */,
			);
			defaultConfigurationIsVisible = 0;
			defaultConfigurationName = Release;
		};
		0D00E8D92763E10500B71BDB /* Build configuration list for PBXNativeTarget "Touchdown" */ = {
			isa = XCConfigurationList;
			buildConfigurations = (
				0D00E8DA2763E10500B71BDB /* Debug */,
				0D00E8DB2763E10500B71BDB /* Release */,
			);
			defaultConfigurationIsVisible = 0;
			defaultConfigurationName = Release;
		};
/* End XCConfigurationList section */
	};
	rootObject = 0D00E8C22763E10100B71BDB /* Project object */;
}
